github.com/mbbm-slb/mvs_lib_alpha v0.1.1 h1:SaN5IQnJEC2q5/2NCWIx6Xplgw1bIFk+nvnTF0Vh0xA=
github.com/mbbm-slb/mvs_lib_alpha v0.1.1/go.mod h1:9t7rRHNgglYWxyLxkPcFMbQoh9sLJztdRZTrnH6DIJw=
github.com/mbbm-slb/mvs_lib_beta v1.0.0 h1:NpWlqBrX+jJA2q40kzPKj6DsI4/zppBax6Ur85/uR8A=
github.com/mbbm-slb/mvs_lib_beta v1.0.0/go.mod h1:v6ABYvFNqO5eGsSkMSQENf39r+5OwN9oYy6Yw6HFVr4=
github.com/mbbm-slb/mvs_lib_gamma v0.3.0 h1:/5E7wo9VDpxFxytot+50hA9US7UQbii4a5VX/x4NhRs=
github.com/mbbm-slb/mvs_lib_gamma v0.3.0/go.mod h1:93EfcEidwfcw5+GKwOqItTQHEzsedRvsdJzulY+LqUk=
github.com/mbbm-slb/mvs_lib_gamma/v2 v2.0.1 h1:+15KsDzYA9aTpK35LQYSZ8Xulr0oJSfHrZNDyirHXA8=
github.com/mbbm-slb/mvs_lib_gamma/v2 v2.0.1/go.mod h1:8IDtOY59yXx64V4ZBwyTBvu64khVesfHY4Nmo2ErRwY=
